
Microsoft Visual Studio Solution File, Format Version 12.00
# Visual Studio Version 16
VisualStudioVersion = 16.0.31624.102
MinimumVisualStudioVersion = 10.0.40219.1
Project("{E24C65DC-7377-472B-9ABA-BC803B73C61A}") = "W4", ".", "{AF0342C1-240E-45C9-A4E0-23DE89988869}"
	ProjectSection(WebsiteProperties) = preProject
		TargetFrameworkMoniker = ".NETFramework,Version%3Dv4.0"
		Debug.AspNetCompiler.VirtualPath = "/localhost_28654"
		Debug.AspNetCompiler.PhysicalPath = "..\W4\"
		Debug.AspNetCompiler.TargetPath = "PrecompiledWeb\localhost_28654\"
		Debug.AspNetCompiler.Updateable = "true"
		Debug.AspNetCompiler.ForceOverwrite = "true"
		Debug.AspNetCompiler.FixedNames = "false"
		Debug.AspNetCompiler.Debug = "True"
		Release.AspNetCompiler.VirtualPath = "/localhost_28654"
		Release.AspNetCompiler.PhysicalPath = "..\W4\"
		Release.AspNetCompiler.TargetPath = "PrecompiledWeb\localhost_28654\"
		Release.AspNetCompiler.Updateable = "true"
		Release.AspNetCompiler.ForceOverwrite = "true"
		Release.AspNetCompiler.FixedNames = "false"
		Release.AspNetCompiler.Debug = "False"
		VWDPort = "28654"
		SlnRelativePath = "..\W4\"
	EndProjectSection
EndProject
Global
	GlobalSection(SolutionConfigurationPlatforms) = preSolution
		Debug|Any CPU = Debug|Any CPU
	EndGlobalSection
	GlobalSection(ProjectConfigurationPlatforms) = postSolution
		{AF0342C1-240E-45C9-A4E0-23DE89988869}.Debug|Any CPU.ActiveCfg = Debug|Any CPU
		{AF0342C1-240E-45C9-A4E0-23DE89988869}.Debug|Any CPU.Build.0 = Debug|Any CPU
	EndGlobalSection
	GlobalSection(SolutionProperties) = preSolution
		HideSolutionNode = FALSE
	EndGlobalSection
	GlobalSection(ExtensibilityGlobals) = postSolution
		SolutionGuid = {3F1CEC8B-476C-4ACC-91AF-4C09471F74F5}
	EndGlobalSection
EndGlobal
