
Microsoft Visual Studio Solution File, Format Version 12.00
# Visual Studio Version 16
VisualStudioVersion = 16.0.31911.196
MinimumVisualStudioVersion = 10.0.40219.1
Project("{E24C65DC-7377-472B-9ABA-BC803B73C61A}") = "W6_Lab", ".", "{70862EEA-4151-4051-A63C-EBFCDD450EC8}"
	ProjectSection(WebsiteProperties) = preProject
		TargetFrameworkMoniker = ".NETFramework,Version%3Dv4.0"
		Debug.AspNetCompiler.VirtualPath = "/localhost_62943"
		Debug.AspNetCompiler.PhysicalPath = "..\W6_Lab\"
		Debug.AspNetCompiler.TargetPath = "PrecompiledWeb\localhost_62943\"
		Debug.AspNetCompiler.Updateable = "true"
		Debug.AspNetCompiler.ForceOverwrite = "true"
		Debug.AspNetCompiler.FixedNames = "false"
		Debug.AspNetCompiler.Debug = "True"
		Release.AspNetCompiler.VirtualPath = "/localhost_62943"
		Release.AspNetCompiler.PhysicalPath = "..\W6_Lab\"
		Release.AspNetCompiler.TargetPath = "PrecompiledWeb\localhost_62943\"
		Release.AspNetCompiler.Updateable = "true"
		Release.AspNetCompiler.ForceOverwrite = "true"
		Release.AspNetCompiler.FixedNames = "false"
		Release.AspNetCompiler.Debug = "False"
		VWDPort = "62943"
		SlnRelativePath = "..\W6_Lab\"
	EndProjectSection
EndProject
Global
	GlobalSection(SolutionConfigurationPlatforms) = preSolution
		Debug|Any CPU = Debug|Any CPU
	EndGlobalSection
	GlobalSection(ProjectConfigurationPlatforms) = postSolution
		{70862EEA-4151-4051-A63C-EBFCDD450EC8}.Debug|Any CPU.ActiveCfg = Debug|Any CPU
		{70862EEA-4151-4051-A63C-EBFCDD450EC8}.Debug|Any CPU.Build.0 = Debug|Any CPU
	EndGlobalSection
	GlobalSection(SolutionProperties) = preSolution
		HideSolutionNode = FALSE
	EndGlobalSection
	GlobalSection(ExtensibilityGlobals) = postSolution
		SolutionGuid = {26CC8D00-490E-4311-997E-0B2DF021067E}
	EndGlobalSection
EndGlobal
