
Microsoft Visual Studio Solution File, Format Version 12.00
# Visual Studio Version 16
VisualStudioVersion = 16.0.31624.102
MinimumVisualStudioVersion = 10.0.40219.1
Project("{E24C65DC-7377-472B-9ABA-BC803B73C61A}") = "W2", ".", "{E8400141-790F-47A6-8A10-1F90E126B94D}"
	ProjectSection(WebsiteProperties) = preProject
		TargetFrameworkMoniker = ".NETFramework,Version%3Dv4.0"
		Debug.AspNetCompiler.VirtualPath = "/localhost_21205"
		Debug.AspNetCompiler.PhysicalPath = "..\W2\"
		Debug.AspNetCompiler.TargetPath = "PrecompiledWeb\localhost_21205\"
		Debug.AspNetCompiler.Updateable = "true"
		Debug.AspNetCompiler.ForceOverwrite = "true"
		Debug.AspNetCompiler.FixedNames = "false"
		Debug.AspNetCompiler.Debug = "True"
		Release.AspNetCompiler.VirtualPath = "/localhost_21205"
		Release.AspNetCompiler.PhysicalPath = "..\W2\"
		Release.AspNetCompiler.TargetPath = "PrecompiledWeb\localhost_21205\"
		Release.AspNetCompiler.Updateable = "true"
		Release.AspNetCompiler.ForceOverwrite = "true"
		Release.AspNetCompiler.FixedNames = "false"
		Release.AspNetCompiler.Debug = "False"
		VWDPort = "21205"
		SlnRelativePath = "..\W2\"
	EndProjectSection
EndProject
Global
	GlobalSection(SolutionConfigurationPlatforms) = preSolution
		Debug|Any CPU = Debug|Any CPU
	EndGlobalSection
	GlobalSection(ProjectConfigurationPlatforms) = postSolution
		{E8400141-790F-47A6-8A10-1F90E126B94D}.Debug|Any CPU.ActiveCfg = Debug|Any CPU
		{E8400141-790F-47A6-8A10-1F90E126B94D}.Debug|Any CPU.Build.0 = Debug|Any CPU
	EndGlobalSection
	GlobalSection(SolutionProperties) = preSolution
		HideSolutionNode = FALSE
	EndGlobalSection
	GlobalSection(ExtensibilityGlobals) = postSolution
		SolutionGuid = {34A5B064-B07A-4714-BA2D-4A923B33DDED}
	EndGlobalSection
EndGlobal
