
Microsoft Visual Studio Solution File, Format Version 12.00
# Visual Studio Version 16
VisualStudioVersion = 16.0.31624.102
MinimumVisualStudioVersion = 10.0.40219.1
Project("{E24C65DC-7377-472B-9ABA-BC803B73C61A}") = "W5_Activity", ".", "{0782C247-D1A4-4A8C-82B6-9F3E2590FBEB}"
	ProjectSection(WebsiteProperties) = preProject
		TargetFrameworkMoniker = ".NETFramework,Version%3Dv4.0"
		Debug.AspNetCompiler.VirtualPath = "/localhost_13918"
		Debug.AspNetCompiler.PhysicalPath = "..\W5_Activity\"
		Debug.AspNetCompiler.TargetPath = "PrecompiledWeb\localhost_13918\"
		Debug.AspNetCompiler.Updateable = "true"
		Debug.AspNetCompiler.ForceOverwrite = "true"
		Debug.AspNetCompiler.FixedNames = "false"
		Debug.AspNetCompiler.Debug = "True"
		Release.AspNetCompiler.VirtualPath = "/localhost_13918"
		Release.AspNetCompiler.PhysicalPath = "..\W5_Activity\"
		Release.AspNetCompiler.TargetPath = "PrecompiledWeb\localhost_13918\"
		Release.AspNetCompiler.Updateable = "true"
		Release.AspNetCompiler.ForceOverwrite = "true"
		Release.AspNetCompiler.FixedNames = "false"
		Release.AspNetCompiler.Debug = "False"
		VWDPort = "13918"
		SlnRelativePath = "..\W5_Activity\"
	EndProjectSection
EndProject
Global
	GlobalSection(SolutionConfigurationPlatforms) = preSolution
		Debug|Any CPU = Debug|Any CPU
	EndGlobalSection
	GlobalSection(ProjectConfigurationPlatforms) = postSolution
		{0782C247-D1A4-4A8C-82B6-9F3E2590FBEB}.Debug|Any CPU.ActiveCfg = Debug|Any CPU
		{0782C247-D1A4-4A8C-82B6-9F3E2590FBEB}.Debug|Any CPU.Build.0 = Debug|Any CPU
	EndGlobalSection
	GlobalSection(SolutionProperties) = preSolution
		HideSolutionNode = FALSE
	EndGlobalSection
	GlobalSection(ExtensibilityGlobals) = postSolution
		SolutionGuid = {0739B12C-250F-43F5-ABAB-0079E33E733B}
	EndGlobalSection
EndGlobal
